PODS:
  - VonageClientSDKVoice (1.6.0):
    - VonageWebRTC (~> 99.13.54)
  - VonageWebRTC (99.13.58)

DEPENDENCIES:
  - VonageClientSDKVoice (= 1.6.0)

SPEC REPOS:
  trunk:
    - VonageClientSDKVoice
    - VonageWebRTC

SPEC CHECKSUMS:
  VonageClientSDKVoice: ec3171aa49eceafbfa6c467f05c148a2fe045e29
  VonageWebRTC: 3d55a7f722f79b2e970b549f38f797a48f070220

PODFILE CHECKSUM: 80d0c68739f819b2c14a5ac380728c040947bdd4

COCOAPODS: 1.13.0
