// !$*UTF8*$!
{
	archiveVersion = 1;
	classes = {
	};
	objectVersion = 56;
	objects = {

/* Begin PBXBuildFile section */
		38A5E9513066B7C81441EC8A /* Pods_ExampleAppForVonageSDk.framework in Frameworks */ = {isa = PBXBuildFile; fileRef = 1283D839D66F09B91E72DA28 /* Pods_ExampleAppForVonageSDk.framework */; };
		47313AD28A3EC3FCCC58F07A /* Pods_ExampleAppForVonageSDkTests.framework in Frameworks */ = {isa = PBXBuildFile; fileRef = 3EE7C964B6D53448E69DB391 /* Pods_ExampleAppForVonageSDkTests.framework */; };
		974F170D2C11E305005EE2CE /* ViewDelegate.swift in Sources */ = {isa = PBXBuildFile; fileRef = 974F170C2C11E305005EE2CE /* ViewDelegate.swift */; };
		974F17472C1C8646005EE2CE /* ViewDelegate+CallKit.swift in Sources */ = {isa = PBXBuildFile; fileRef = 974F17462C1C8646005EE2CE /* ViewDelegate+CallKit.swift */; };
		97C996B42AA9E9E10043D720 /* ExampleAppForVonageSDkApp.swift in Sources */ = {isa = PBXBuildFile; fileRef = 97C996B32AA9E9E10043D720 /* ExampleAppForVonageSDkApp.swift */; };
		97C996B62AA9E9E10043D720 /* ContentView.swift in Sources */ = {isa = PBXBuildFile; fileRef = 97C996B52AA9E9E10043D720 /* ContentView.swift */; };
		97C996B82AA9E9E30043D720 /* Assets.xcassets in Resources */ = {isa = PBXBuildFile; fileRef = 97C996B72AA9E9E30043D720 /* Assets.xcassets */; };
		97C996BB2AA9E9E30043D720 /* Preview Assets.xcassets in Resources */ = {isa = PBXBuildFile; fileRef = 97C996BA2AA9E9E30043D720 /* Preview Assets.xcassets */; };
		97C996C52AA9E9E30043D720 /* ExampleAppForVonageSDkTests.swift in Sources */ = {isa = PBXBuildFile; fileRef = 97C996C42AA9E9E30043D720 /* ExampleAppForVonageSDkTests.swift */; };
		97C996CF2AA9E9E30043D720 /* ExampleAppForVonageSDkUITests.swift in Sources */ = {isa = PBXBuildFile; fileRef = 97C996CE2AA9E9E30043D720 /* ExampleAppForVonageSDkUITests.swift */; };
		97C996D12AA9E9E30043D720 /* ExampleAppForVonageSDkUITestsLaunchTests.swift in Sources */ = {isa = PBXBuildFile; fileRef = 97C996D02AA9E9E30043D720 /* ExampleAppForVonageSDkUITestsLaunchTests.swift */; };
		C6F1B35598F2B7E5EE6A304B /* Pods_ExampleAppForVonageSDk_ExampleAppForVonageSDkUITests.framework in Frameworks */ = {isa = PBXBuildFile; fileRef = 6D08BBC5C06C6F86E5A6FF61 /* Pods_ExampleAppForVonageSDk_ExampleAppForVonageSDkUITests.framework */; };
/* End PBXBuildFile section */

/* Begin PBXContainerItemProxy section */
		97C996C12AA9E9E30043D720 /* PBXContainerItemProxy */ = {
			isa = PBXContainerItemProxy;
			containerPortal = 97C996A82AA9E9E10043D720 /* Project object */;
			proxyType = 1;
			remoteGlobalIDString = 97C996AF2AA9E9E10043D720;
			remoteInfo = ExampleAppForVonageSDk;
		};
		97C996CB2AA9E9E30043D720 /* PBXContainerItemProxy */ = {
			isa = PBXContainerItemProxy;
			containerPortal = 97C996A82AA9E9E10043D720 /* Project object */;
			proxyType = 1;
			remoteGlobalIDString = 97C996AF2AA9E9E10043D720;
			remoteInfo = ExampleAppForVonageSDk;
		};
/* End PBXContainerItemProxy section */

/* Begin PBXFileReference section */
		017E2C3562F909C48D89E25F /* Pods-ExampleAppForVonageSDkTests.debug.xcconfig */ = {isa = PBXFileReference; includeInIndex = 1; lastKnownFileType = text.xcconfig; name = "Pods-ExampleAppForVonageSDkTests.debug.xcconfig"; path = "Target Support Files/Pods-ExampleAppForVonageSDkTests/Pods-ExampleAppForVonageSDkTests.debug.xcconfig"; sourceTree = "<group>"; };
		01E05D8EF98FC9B08854F52C /* Pods-ExampleAppForVonageSDk-ExampleAppForVonageSDkUITests.debug.xcconfig */ = {isa = PBXFileReference; includeInIndex = 1; lastKnownFileType = text.xcconfig; name = "Pods-ExampleAppForVonageSDk-ExampleAppForVonageSDkUITests.debug.xcconfig"; path = "Target Support Files/Pods-ExampleAppForVonageSDk-ExampleAppForVonageSDkUITests/Pods-ExampleAppForVonageSDk-ExampleAppForVonageSDkUITests.debug.xcconfig"; sourceTree = "<group>"; };
		04643992F7F93B9CCB865EF5 /* Pods-ExampleAppForVonageSDk.debug.xcconfig */ = {isa = PBXFileReference; includeInIndex = 1; lastKnownFileType = text.xcconfig; name = "Pods-ExampleAppForVonageSDk.debug.xcconfig"; path = "Target Support Files/Pods-ExampleAppForVonageSDk/Pods-ExampleAppForVonageSDk.debug.xcconfig"; sourceTree = "<group>"; };
		1283D839D66F09B91E72DA28 /* Pods_ExampleAppForVonageSDk.framework */ = {isa = PBXFileReference; explicitFileType = wrapper.framework; includeInIndex = 0; path = Pods_ExampleAppForVonageSDk.framework; sourceTree = BUILT_PRODUCTS_DIR; };
		1382F6866BEDF29CA14501F9 /* Pods-ExampleAppForVonageSDk-ExampleAppForVonageSDkUITests.release.xcconfig */ = {isa = PBXFileReference; includeInIndex = 1; lastKnownFileType = text.xcconfig; name = "Pods-ExampleAppForVonageSDk-ExampleAppForVonageSDkUITests.release.xcconfig"; path = "Target Support Files/Pods-ExampleAppForVonageSDk-ExampleAppForVonageSDkUITests/Pods-ExampleAppForVonageSDk-ExampleAppForVonageSDkUITests.release.xcconfig"; sourceTree = "<group>"; };
		35BCC6DCE95C8B3AAE476081 /* Pods-ExampleAppForVonageSDkTests.release.xcconfig */ = {isa = PBXFileReference; includeInIndex = 1; lastKnownFileType = text.xcconfig; name = "Pods-ExampleAppForVonageSDkTests.release.xcconfig"; path = "Target Support Files/Pods-ExampleAppForVonageSDkTests/Pods-ExampleAppForVonageSDkTests.release.xcconfig"; sourceTree = "<group>"; };
		3EE7C964B6D53448E69DB391 /* Pods_ExampleAppForVonageSDkTests.framework */ = {isa = PBXFileReference; explicitFileType = wrapper.framework; includeInIndex = 0; path = Pods_ExampleAppForVonageSDkTests.framework; sourceTree = BUILT_PRODUCTS_DIR; };
		6D08BBC5C06C6F86E5A6FF61 /* Pods_ExampleAppForVonageSDk_ExampleAppForVonageSDkUITests.framework */ = {isa = PBXFileReference; explicitFileType = wrapper.framework; includeInIndex = 0; path = Pods_ExampleAppForVonageSDk_ExampleAppForVonageSDkUITests.framework; sourceTree = BUILT_PRODUCTS_DIR; };
		974F170A2C107551005EE2CE /* Info.plist */ = {isa = PBXFileReference; lastKnownFileType = text.plist; path = Info.plist; sourceTree = "<group>"; };
		974F170B2C1086FB005EE2CE /* ExampleAppForVonageSDk.entitlements */ = {isa = PBXFileReference; lastKnownFileType = text.plist.entitlements; path = ExampleAppForVonageSDk.entitlements; sourceTree = "<group>"; };
		974F170C2C11E305005EE2CE /* ViewDelegate.swift */ = {isa = PBXFileReference; lastKnownFileType = sourcecode.swift; path = ViewDelegate.swift; sourceTree = "<group>"; };
		974F17462C1C8646005EE2CE /* ViewDelegate+CallKit.swift */ = {isa = PBXFileReference; lastKnownFileType = sourcecode.swift; path = "ViewDelegate+CallKit.swift"; sourceTree = "<group>"; };
		97C996B02AA9E9E10043D720 /* ExampleAppForVonageSDk.app */ = {isa = PBXFileReference; explicitFileType = wrapper.application; includeInIndex = 0; path = ExampleAppForVonageSDk.app; sourceTree = BUILT_PRODUCTS_DIR; };
		97C996B32AA9E9E10043D720 /* ExampleAppForVonageSDkApp.swift */ = {isa = PBXFileReference; lastKnownFileType = sourcecode.swift; path = ExampleAppForVonageSDkApp.swift; sourceTree = "<group>"; };
		97C996B52AA9E9E10043D720 /* ContentView.swift */ = {isa = PBXFileReference; lastKnownFileType = sourcecode.swift; path = ContentView.swift; sourceTree = "<group>"; };
		97C996B72AA9E9E30043D720 /* Assets.xcassets */ = {isa = PBXFileReference; lastKnownFileType = folder.assetcatalog; path = Assets.xcassets; sourceTree = "<group>"; };
		97C996BA2AA9E9E30043D720 /* Preview Assets.xcassets */ = {isa = PBXFileReference; lastKnownFileType = folder.assetcatalog; path = "Preview Assets.xcassets"; sourceTree = "<group>"; };
		97C996C02AA9E9E30043D720 /* ExampleAppForVonageSDkTests.xctest */ = {isa = PBXFileReference; explicitFileType = wrapper.cfbundle; includeInIndex = 0; path = ExampleAppForVonageSDkTests.xctest; sourceTree = BUILT_PRODUCTS_DIR; };
		97C996C42AA9E9E30043D720 /* ExampleAppForVonageSDkTests.swift */ = {isa = PBXFileReference; lastKnownFileType = sourcecode.swift; path = ExampleAppForVonageSDkTests.swift; sourceTree = "<group>"; };
		97C996CA2AA9E9E30043D720 /* ExampleAppForVonageSDkUITests.xctest */ = {isa = PBXFileReference; explicitFileType = wrapper.cfbundle; includeInIndex = 0; path = ExampleAppForVonageSDkUITests.xctest; sourceTree = BUILT_PRODUCTS_DIR; };
		97C996CE2AA9E9E30043D720 /* ExampleAppForVonageSDkUITests.swift */ = {isa = PBXFileReference; lastKnownFileType = sourcecode.swift; path = ExampleAppForVonageSDkUITests.swift; sourceTree = "<group>"; };
		97C996D02AA9E9E30043D720 /* ExampleAppForVonageSDkUITestsLaunchTests.swift */ = {isa = PBXFileReference; lastKnownFileType = sourcecode.swift; path = ExampleAppForVonageSDkUITestsLaunchTests.swift; sourceTree = "<group>"; };
		CDD64DE0645C985949FB0D82 /* Pods-ExampleAppForVonageSDk.release.xcconfig */ = {isa = PBXFileReference; includeInIndex = 1; lastKnownFileType = text.xcconfig; name = "Pods-ExampleAppForVonageSDk.release.xcconfig"; path = "Target Support Files/Pods-ExampleAppForVonageSDk/Pods-ExampleAppForVonageSDk.release.xcconfig"; sourceTree = "<group>"; };
/* End PBXFileReference section */

/* Begin PBXFrameworksBuildPhase section */
		97C996AD2AA9E9E10043D720 /* Frameworks */ = {
			isa = PBXFrameworksBuildPhase;
			buildActionMask = 2147483647;
			files = (
				38A5E9513066B7C81441EC8A /* Pods_ExampleAppForVonageSDk.framework in Frameworks */,
			);
			runOnlyForDeploymentPostprocessing = 0;
		};
		97C996BD2AA9E9E30043D720 /* Frameworks */ = {
			isa = PBXFrameworksBuildPhase;
			buildActionMask = 2147483647;
			files = (
				47313AD28A3EC3FCCC58F07A /* Pods_ExampleAppForVonageSDkTests.framework in Frameworks */,
			);
			runOnlyForDeploymentPostprocessing = 0;
		};
		97C996C72AA9E9E30043D720 /* Frameworks */ = {
			isa = PBXFrameworksBuildPhase;
			buildActionMask = 2147483647;
			files = (
				C6F1B35598F2B7E5EE6A304B /* Pods_ExampleAppForVonageSDk_ExampleAppForVonageSDkUITests.framework in Frameworks */,
			);
			runOnlyForDeploymentPostprocessing = 0;
		};
/* End PBXFrameworksBuildPhase section */

/* Begin PBXGroup section */
		3CFB582117F7FBE85DBC1B01 /* Frameworks */ = {
			isa = PBXGroup;
			children = (
				1283D839D66F09B91E72DA28 /* Pods_ExampleAppForVonageSDk.framework */,
				6D08BBC5C06C6F86E5A6FF61 /* Pods_ExampleAppForVonageSDk_ExampleAppForVonageSDkUITests.framework */,
				3EE7C964B6D53448E69DB391 /* Pods_ExampleAppForVonageSDkTests.framework */,
			);
			name = Frameworks;
			sourceTree = "<group>";
		};
		97C996A72AA9E9E10043D720 = {
			isa = PBXGroup;
			children = (
				97C996B22AA9E9E10043D720 /* ExampleAppForVonageSDk */,
				97C996C32AA9E9E30043D720 /* ExampleAppForVonageSDkTests */,
				97C996CD2AA9E9E30043D720 /* ExampleAppForVonageSDkUITests */,
				97C996B12AA9E9E10043D720 /* Products */,
				F5E375368333BF7812F3C107 /* Pods */,
				3CFB582117F7FBE85DBC1B01 /* Frameworks */,
			);
			sourceTree = "<group>";
		};
		97C996B12AA9E9E10043D720 /* Products */ = {
			isa = PBXGroup;
			children = (
				97C996B02AA9E9E10043D720 /* ExampleAppForVonageSDk.app */,
				97C996C02AA9E9E30043D720 /* ExampleAppForVonageSDkTests.xctest */,
				97C996CA2AA9E9E30043D720 /* ExampleAppForVonageSDkUITests.xctest */,
			);
			name = Products;
			sourceTree = "<group>";
		};
		97C996B22AA9E9E10043D720 /* ExampleAppForVonageSDk */ = {
			isa = PBXGroup;
			children = (
				974F170B2C1086FB005EE2CE /* ExampleAppForVonageSDk.entitlements */,
				974F170A2C107551005EE2CE /* Info.plist */,
				97C996B32AA9E9E10043D720 /* ExampleAppForVonageSDkApp.swift */,
				97C996B52AA9E9E10043D720 /* ContentView.swift */,
				974F170C2C11E305005EE2CE /* ViewDelegate.swift */,
				974F17462C1C8646005EE2CE /* ViewDelegate+CallKit.swift */,
				97C996B72AA9E9E30043D720 /* Assets.xcassets */,
				97C996B92AA9E9E30043D720 /* Preview Content */,
			);
			path = ExampleAppForVonageSDk;
			sourceTree = "<group>";
		};
		97C996B92AA9E9E30043D720 /* Preview Content */ = {
			isa = PBXGroup;
			children = (
				97C996BA2AA9E9E30043D720 /* Preview Assets.xcassets */,
			);
			path = "Preview Content";
			sourceTree = "<group>";
		};
		97C996C32AA9E9E30043D720 /* ExampleAppForVonageSDkTests */ = {
			isa = PBXGroup;
			children = (
				97C996C42AA9E9E30043D720 /* ExampleAppForVonageSDkTests.swift */,
			);
			path = ExampleAppForVonageSDkTests;
			sourceTree = "<group>";
		};
		97C996CD2AA9E9E30043D720 /* ExampleAppForVonageSDkUITests */ = {
			isa = PBXGroup;
			children = (
				97C996CE2AA9E9E30043D720 /* ExampleAppForVonageSDkUITests.swift */,
				97C996D02AA9E9E30043D720 /* ExampleAppForVonageSDkUITestsLaunchTests.swift */,
			);
			path = ExampleAppForVonageSDkUITests;
			sourceTree = "<group>";
		};
		F5E375368333BF7812F3C107 /* Pods */ = {
			isa = PBXGroup;
			children = (
				04643992F7F93B9CCB865EF5 /* Pods-ExampleAppForVonageSDk.debug.xcconfig */,
				CDD64DE0645C985949FB0D82 /* Pods-ExampleAppForVonageSDk.release.xcconfig */,
				01E05D8EF98FC9B08854F52C /* Pods-ExampleAppForVonageSDk-ExampleAppForVonageSDkUITests.debug.xcconfig */,
				1382F6866BEDF29CA14501F9 /* Pods-ExampleAppForVonageSDk-ExampleAppForVonageSDkUITests.release.xcconfig */,
				017E2C3562F909C48D89E25F /* Pods-ExampleAppForVonageSDkTests.debug.xcconfig */,
				35BCC6DCE95C8B3AAE476081 /* Pods-ExampleAppForVonageSDkTests.release.xcconfig */,
			);
			path = Pods;
			sourceTree = "<group>";
		};
/* End PBXGroup section */

/* Begin PBXNativeTarget section */
		97C996AF2AA9E9E10043D720 /* ExampleAppForVonageSDk */ = {
			isa = PBXNativeTarget;
			buildConfigurationList = 97C996D42AA9E9E30043D720 /* Build configuration list for PBXNativeTarget "ExampleAppForVonageSDk" */;
			buildPhases = (
				E93EB081406ECA8791F47E2C /* [CP] Check Pods Manifest.lock */,
				97C996AC2AA9E9E10043D720 /* Sources */,
				97C996AD2AA9E9E10043D720 /* Frameworks */,
				97C996AE2AA9E9E10043D720 /* Resources */,
				CCF469EAE14D7F23E35DBFDC /* [CP] Embed Pods Frameworks */,
				0A9DBF88C8B4D704700E18F7 /* [CP] Copy Pods Resources */,
			);
			buildRules = (
			);
			dependencies = (
			);
			name = ExampleAppForVonageSDk;
			productName = ExampleAppForVonageSDk;
			productReference = 97C996B02AA9E9E10043D720 /* ExampleAppForVonageSDk.app */;
			productType = "com.apple.product-type.application";
		};
		97C996BF2AA9E9E30043D720 /* ExampleAppForVonageSDkTests */ = {
			isa = PBXNativeTarget;
			buildConfigurationList = 97C996D72AA9E9E30043D720 /* Build configuration list for PBXNativeTarget "ExampleAppForVonageSDkTests" */;
			buildPhases = (
				BBEC101BF33F2E2C87251E4C /* [CP] Check Pods Manifest.lock */,
				97C996BC2AA9E9E30043D720 /* Sources */,
				97C996BD2AA9E9E30043D720 /* Frameworks */,
				97C996BE2AA9E9E30043D720 /* Resources */,
			);
			buildRules = (
			);
			dependencies = (
				97C996C22AA9E9E30043D720 /* PBXTargetDependency */,
			);
			name = ExampleAppForVonageSDkTests;
			productName = ExampleAppForVonageSDkTests;
			productReference = 97C996C02AA9E9E30043D720 /* ExampleAppForVonageSDkTests.xctest */;
			productType = "com.apple.product-type.bundle.unit-test";
		};
		97C996C92AA9E9E30043D720 /* ExampleAppForVonageSDkUITests */ = {
			isa = PBXNativeTarget;
			buildConfigurationList = 97C996DA2AA9E9E30043D720 /* Build configuration list for PBXNativeTarget "ExampleAppForVonageSDkUITests" */;
			buildPhases = (
				7062BA774B25EBD6D82B7B46 /* [CP] Check Pods Manifest.lock */,
				97C996C62AA9E9E30043D720 /* Sources */,
				97C996C72AA9E9E30043D720 /* Frameworks */,
				97C996C82AA9E9E30043D720 /* Resources */,
				6F30D6FFDEA4B7C7C2F44F03 /* [CP] Embed Pods Frameworks */,
				258C059349A967182C8E0A53 /* [CP] Copy Pods Resources */,
			);
			buildRules = (
			);
			dependencies = (
				97C996CC2AA9E9E30043D720 /* PBXTargetDependency */,
			);
			name = ExampleAppForVonageSDkUITests;
			productName = ExampleAppForVonageSDkUITests;
			productReference = 97C996CA2AA9E9E30043D720 /* ExampleAppForVonageSDkUITests.xctest */;
			productType = "com.apple.product-type.bundle.ui-testing";
		};
/* End PBXNativeTarget section */

/* Begin PBXProject section */
		97C996A82AA9E9E10043D720 /* Project object */ = {
			isa = PBXProject;
			attributes = {
				BuildIndependentTargetsInParallel = 1;
				LastSwiftUpdateCheck = 1500;
				LastUpgradeCheck = 1500;
				TargetAttributes = {
					97C996AF2AA9E9E10043D720 = {
						CreatedOnToolsVersion = 15.0;
					};
					97C996BF2AA9E9E30043D720 = {
						CreatedOnToolsVersion = 15.0;
						TestTargetID = 97C996AF2AA9E9E10043D720;
					};
					97C996C92AA9E9E30043D720 = {
						CreatedOnToolsVersion = 15.0;
						TestTargetID = 97C996AF2AA9E9E10043D720;
					};
				};
			};
			buildConfigurationList = 97C996AB2AA9E9E10043D720 /* Build configuration list for PBXProject "ExampleAppForVonageSDk" */;
			compatibilityVersion = "Xcode 14.0";
			developmentRegion = en;
			hasScannedForEncodings = 0;
			knownRegions = (
				en,
				Base,
			);
			mainGroup = 97C996A72AA9E9E10043D720;
			productRefGroup = 97C996B12AA9E9E10043D720 /* Products */;
			projectDirPath = "";
			projectRoot = "";
			targets = (
				97C996AF2AA9E9E10043D720 /* ExampleAppForVonageSDk */,
				97C996BF2AA9E9E30043D720 /* ExampleAppForVonageSDkTests */,
				97C996C92AA9E9E30043D720 /* ExampleAppForVonageSDkUITests */,
			);
		};
/* End PBXProject section */

/* Begin PBXResourcesBuildPhase section */
		97C996AE2AA9E9E10043D720 /* Resources */ = {
			isa = PBXResourcesBuildPhase;
			buildActionMask = 2147483647;
			files = (
				97C996BB2AA9E9E30043D720 /* Preview Assets.xcassets in Resources */,
				97C996B82AA9E9E30043D720 /* Assets.xcassets in Resources */,
			);
			runOnlyForDeploymentPostprocessing = 0;
		};
		97C996BE2AA9E9E30043D720 /* Resources */ = {
			isa = PBXResourcesBuildPhase;
			buildActionMask = 2147483647;
			files = (
			);
			runOnlyForDeploymentPostprocessing = 0;
		};
		97C996C82AA9E9E30043D720 /* Resources */ = {
			isa = PBXResourcesBuildPhase;
			buildActionMask = 2147483647;
			files = (
			);
			runOnlyForDeploymentPostprocessing = 0;
		};
/* End PBXResourcesBuildPhase section */

/* Begin PBXShellScriptBuildPhase section */
		0A9DBF88C8B4D704700E18F7 /* [CP] Copy Pods Resources */ = {
			isa = PBXShellScriptBuildPhase;
			buildActionMask = 2147483647;
			files = (
			);
			inputFileListPaths = (
				"${PODS_ROOT}/Target Support Files/Pods-ExampleAppForVonageSDk/Pods-ExampleAppForVonageSDk-resources-${CONFIGURATION}-input-files.xcfilelist",
			);
			name = "[CP] Copy Pods Resources";
			outputFileListPaths = (
				"${PODS_ROOT}/Target Support Files/Pods-ExampleAppForVonageSDk/Pods-ExampleAppForVonageSDk-resources-${CONFIGURATION}-output-files.xcfilelist",
			);
			runOnlyForDeploymentPostprocessing = 0;
			shellPath = /bin/sh;
			shellScript = "\"${PODS_ROOT}/Target Support Files/Pods-ExampleAppForVonageSDk/Pods-ExampleAppForVonageSDk-resources.sh\"\n";
			showEnvVarsInLog = 0;
		};
		258C059349A967182C8E0A53 /* [CP] Copy Pods Resources */ = {
			isa = PBXShellScriptBuildPhase;
			buildActionMask = 2147483647;
			files = (
			);
			inputFileListPaths = (
				"${PODS_ROOT}/Target Support Files/Pods-ExampleAppForVonageSDk-ExampleAppForVonageSDkUITests/Pods-ExampleAppForVonageSDk-ExampleAppForVonageSDkUITests-resources-${CONFIGURATION}-input-files.xcfilelist",
			);
			name = "[CP] Copy Pods Resources";
			outputFileListPaths = (
				"${PODS_ROOT}/Target Support Files/Pods-ExampleAppForVonageSDk-ExampleAppForVonageSDkUITests/Pods-ExampleAppForVonageSDk-ExampleAppForVonageSDkUITests-resources-${CONFIGURATION}-output-files.xcfilelist",
			);
			runOnlyForDeploymentPostprocessing = 0;
			shellPath = /bin/sh;
			shellScript = "\"${PODS_ROOT}/Target Support Files/Pods-ExampleAppForVonageSDk-ExampleAppForVonageSDkUITests/Pods-ExampleAppForVonageSDk-ExampleAppForVonageSDkUITests-resources.sh\"\n";
			showEnvVarsInLog = 0;
		};
		6F30D6FFDEA4B7C7C2F44F03 /* [CP] Embed Pods Frameworks */ = {
			isa = PBXShellScriptBuildPhase;
			buildActionMask = 2147483647;
			files = (
			);
			inputFileListPaths = (
				"${PODS_ROOT}/Target Support Files/Pods-ExampleAppForVonageSDk-ExampleAppForVonageSDkUITests/Pods-ExampleAppForVonageSDk-ExampleAppForVonageSDkUITests-frameworks-${CONFIGURATION}-input-files.xcfilelist",
			);
			name = "[CP] Embed Pods Frameworks";
			outputFileListPaths = (
				"${PODS_ROOT}/Target Support Files/Pods-ExampleAppForVonageSDk-ExampleAppForVonageSDkUITests/Pods-ExampleAppForVonageSDk-ExampleAppForVonageSDkUITests-frameworks-${CONFIGURATION}-output-files.xcfilelist",
			);
			runOnlyForDeploymentPostprocessing = 0;
			shellPath = /bin/sh;
			shellScript = "\"${PODS_ROOT}/Target Support Files/Pods-ExampleAppForVonageSDk-ExampleAppForVonageSDkUITests/Pods-ExampleAppForVonageSDk-ExampleAppForVonageSDkUITests-frameworks.sh\"\n";
			showEnvVarsInLog = 0;
		};
		7062BA774B25EBD6D82B7B46 /* [CP] Check Pods Manifest.lock */ = {
			isa = PBXShellScriptBuildPhase;
			buildActionMask = 2147483647;
			files = (
			);
			inputFileListPaths = (
			);
			inputPaths = (
				"${PODS_PODFILE_DIR_PATH}/Podfile.lock",
				"${PODS_ROOT}/Manifest.lock",
			);
			name = "[CP] Check Pods Manifest.lock";
			outputFileListPaths = (
			);
			outputPaths = (
				"$(DERIVED_FILE_DIR)/Pods-ExampleAppForVonageSDk-ExampleAppForVonageSDkUITests-checkManifestLockResult.txt",
			);
			runOnlyForDeploymentPostprocessing = 0;
			shellPath = /bin/sh;
			shellScript = "diff \"${PODS_PODFILE_DIR_PATH}/Podfile.lock\" \"${PODS_ROOT}/Manifest.lock\" > /dev/null\nif [ $? != 0 ] ; then\n    # print error to STDERR\n    echo \"error: The sandbox is not in sync with the Podfile.lock. Run 'pod install' or update your CocoaPods installation.\" >&2\n    exit 1\nfi\n# This output is used by Xcode 'outputs' to avoid re-running this script phase.\necho \"SUCCESS\" > \"${SCRIPT_OUTPUT_FILE_0}\"\n";
			showEnvVarsInLog = 0;
		};
		BBEC101BF33F2E2C87251E4C /* [CP] Check Pods Manifest.lock */ = {
			isa = PBXShellScriptBuildPhase;
			buildActionMask = 2147483647;
			files = (
			);
			inputFileListPaths = (
			);
			inputPaths = (
				"${PODS_PODFILE_DIR_PATH}/Podfile.lock",
				"${PODS_ROOT}/Manifest.lock",
			);
			name = "[CP] Check Pods Manifest.lock";
			outputFileListPaths = (
			);
			outputPaths = (
				"$(DERIVED_FILE_DIR)/Pods-ExampleAppForVonageSDkTests-checkManifestLockResult.txt",
			);
			runOnlyForDeploymentPostprocessing = 0;
			shellPath = /bin/sh;
			shellScript = "diff \"${PODS_PODFILE_DIR_PATH}/Podfile.lock\" \"${PODS_ROOT}/Manifest.lock\" > /dev/null\nif [ $? != 0 ] ; then\n    # print error to STDERR\n    echo \"error: The sandbox is not in sync with the Podfile.lock. Run 'pod install' or update your CocoaPods installation.\" >&2\n    exit 1\nfi\n# This output is used by Xcode 'outputs' to avoid re-running this script phase.\necho \"SUCCESS\" > \"${SCRIPT_OUTPUT_FILE_0}\"\n";
			showEnvVarsInLog = 0;
		};
		CCF469EAE14D7F23E35DBFDC /* [CP] Embed Pods Frameworks */ = {
			isa = PBXShellScriptBuildPhase;
			buildActionMask = 2147483647;
			files = (
			);
			inputFileListPaths = (
				"${PODS_ROOT}/Target Support Files/Pods-ExampleAppForVonageSDk/Pods-ExampleAppForVonageSDk-frameworks-${CONFIGURATION}-input-files.xcfilelist",
			);
			name = "[CP] Embed Pods Frameworks";
			outputFileListPaths = (
				"${PODS_ROOT}/Target Support Files/Pods-ExampleAppForVonageSDk/Pods-ExampleAppForVonageSDk-frameworks-${CONFIGURATION}-output-files.xcfilelist",
			);
			runOnlyForDeploymentPostprocessing = 0;
			shellPath = /bin/sh;
			shellScript = "\"${PODS_ROOT}/Target Support Files/Pods-ExampleAppForVonageSDk/Pods-ExampleAppForVonageSDk-frameworks.sh\"\n";
			showEnvVarsInLog = 0;
		};
		E93EB081406ECA8791F47E2C /* [CP] Check Pods Manifest.lock */ = {
			isa = PBXShellScriptBuildPhase;
			buildActionMask = 2147483647;
			files = (
			);
			inputFileListPaths = (
			);
			inputPaths = (
				"${PODS_PODFILE_DIR_PATH}/Podfile.lock",
				"${PODS_ROOT}/Manifest.lock",
			);
			name = "[CP] Check Pods Manifest.lock";
			outputFileListPaths = (
			);
			outputPaths = (
				"$(DERIVED_FILE_DIR)/Pods-ExampleAppForVonageSDk-checkManifestLockResult.txt",
			);
			runOnlyForDeploymentPostprocessing = 0;
			shellPath = /bin/sh;
			shellScript = "diff \"${PODS_PODFILE_DIR_PATH}/Podfile.lock\" \"${PODS_ROOT}/Manifest.lock\" > /dev/null\nif [ $? != 0 ] ; then\n    # print error to STDERR\n    echo \"error: The sandbox is not in sync with the Podfile.lock. Run 'pod install' or update your CocoaPods installation.\" >&2\n    exit 1\nfi\n# This output is used by Xcode 'outputs' to avoid re-running this script phase.\necho \"SUCCESS\" > \"${SCRIPT_OUTPUT_FILE_0}\"\n";
			showEnvVarsInLog = 0;
		};
/* End PBXShellScriptBuildPhase section */

/* Begin PBXSourcesBuildPhase section */
		97C996AC2AA9E9E10043D720 /* Sources */ = {
			isa = PBXSourcesBuildPhase;
			buildActionMask = 2147483647;
			files = (
				974F17472C1C8646005EE2CE /* ViewDelegate+CallKit.swift in Sources */,
				97C996B62AA9E9E10043D720 /* ContentView.swift in Sources */,
				97C996B42AA9E9E10043D720 /* ExampleAppForVonageSDkApp.swift in Sources */,
				974F170D2C11E305005EE2CE /* ViewDelegate.swift in Sources */,
			);
			runOnlyForDeploymentPostprocessing = 0;
		};
		97C996BC2AA9E9E30043D720 /* Sources */ = {
			isa = PBXSourcesBuildPhase;
			buildActionMask = 2147483647;
			files = (
				97C996C52AA9E9E30043D720 /* ExampleAppForVonageSDkTests.swift in Sources */,
			);
			runOnlyForDeploymentPostprocessing = 0;
		};
		97C996C62AA9E9E30043D720 /* Sources */ = {
			isa = PBXSourcesBuildPhase;
			buildActionMask = 2147483647;
			files = (
				97C996D12AA9E9E30043D720 /* ExampleAppForVonageSDkUITestsLaunchTests.swift in Sources */,
				97C996CF2AA9E9E30043D720 /* ExampleAppForVonageSDkUITests.swift in Sources */,
			);
			runOnlyForDeploymentPostprocessing = 0;
		};
/* End PBXSourcesBuildPhase section */

/* Begin PBXTargetDependency section */
		97C996C22AA9E9E30043D720 /* PBXTargetDependency */ = {
			isa = PBXTargetDependency;
			target = 97C996AF2AA9E9E10043D720 /* ExampleAppForVonageSDk */;
			targetProxy = 97C996C12AA9E9E30043D720 /* PBXContainerItemProxy */;
		};
		97C996CC2AA9E9E30043D720 /* PBXTargetDependency */ = {
			isa = PBXTargetDependency;
			target = 97C996AF2AA9E9E10043D720 /* ExampleAppForVonageSDk */;
			targetProxy = 97C996CB2AA9E9E30043D720 /* PBXContainerItemProxy */;
		};
/* End PBXTargetDependency section */

/* Begin XCBuildConfiguration section */
		97C996D22AA9E9E30043D720 /* Debug */ = {
			isa = XCBuildConfiguration;
			buildSettings = {
				ALWAYS_SEARCH_USER_PATHS = NO;
				ASSETCATALOG_COMPILER_GENERATE_SWIFT_ASSET_SYMBOL_EXTENSIONS = YES;
				CLANG_ANALYZER_NONNULL = YES;
				CLANG_ANALYZER_NUMBER_OBJECT_CONVERSION = YES_AGGRESSIVE;
				CLANG_CXX_LANGUAGE_STANDARD = "gnu++20";
				CLANG_ENABLE_MODULES = YES;
				CLANG_ENABLE_OBJC_ARC = YES;
				CLANG_ENABLE_OBJC_WEAK = YES;
				CLANG_WARN_BLOCK_CAPTURE_AUTORELEASING = YES;
				CLANG_WARN_BOOL_CONVERSION = YES;
				CLANG_WARN_COMMA = YES;
				CLANG_WARN_CONSTANT_CONVERSION = YES;
				CLANG_WARN_DEPRECATED_OBJC_IMPLEMENTATIONS = YES;
				CLANG_WARN_DIRECT_OBJC_ISA_USAGE = YES_ERROR;
				CLANG_WARN_DOCUMENTATION_COMMENTS = YES;
				CLANG_WARN_EMPTY_BODY = YES;
				CLANG_WARN_ENUM_CONVERSION = YES;
				CLANG_WARN_INFINITE_RECURSION = YES;
				CLANG_WARN_INT_CONVERSION = YES;
				CLANG_WARN_NON_LITERAL_NULL_CONVERSION = YES;
				CLANG_WARN_OBJC_IMPLICIT_RETAIN_SELF = YES;
				CLANG_WARN_OBJC_LITERAL_CONVERSION = YES;
				CLANG_WARN_OBJC_ROOT_CLASS = YES_ERROR;
				CLANG_WARN_QUOTED_INCLUDE_IN_FRAMEWORK_HEADER = YES;
				CLANG_WARN_RANGE_LOOP_ANALYSIS = YES;
				CLANG_WARN_STRICT_PROTOTYPES = YES;
				CLANG_WARN_SUSPICIOUS_MOVE = YES;
				CLANG_WARN_UNGUARDED_AVAILABILITY = YES_AGGRESSIVE;
				CLANG_WARN_UNREACHABLE_CODE = YES;
				CLANG_WARN__DUPLICATE_METHOD_MATCH = YES;
				COPY_PHASE_STRIP = NO;
				DEBUG_INFORMATION_FORMAT = dwarf;
				ENABLE_STRICT_OBJC_MSGSEND = YES;
				ENABLE_TESTABILITY = YES;
				ENABLE_USER_SCRIPT_SANDBOXING = YES;
				GCC_C_LANGUAGE_STANDARD = gnu17;
				GCC_DYNAMIC_NO_PIC = NO;
				GCC_NO_COMMON_BLOCKS = YES;
				GCC_OPTIMIZATION_LEVEL = 0;
				GCC_PREPROCESSOR_DEFINITIONS = (
					"DEBUG=1",
					"$(inherited)",
				);
				GCC_WARN_64_TO_32_BIT_CONVERSION = YES;
				GCC_WARN_ABOUT_RETURN_TYPE = YES_ERROR;
				GCC_WARN_UNDECLARED_SELECTOR = YES;
				GCC_WARN_UNINITIALIZED_AUTOS = YES_AGGRESSIVE;
				GCC_WARN_UNUSED_FUNCTION = YES;
				GCC_WARN_UNUSED_VARIABLE = YES;
				IPHONEOS_DEPLOYMENT_TARGET = 17.0;
				LOCALIZATION_PREFERS_STRING_CATALOGS = YES;
				MTL_ENABLE_DEBUG_INFO = INCLUDE_SOURCE;
				MTL_FAST_MATH = YES;
				ONLY_ACTIVE_ARCH = YES;
				SDKROOT = iphoneos;
				SWIFT_ACTIVE_COMPILATION_CONDITIONS = "DEBUG $(inherited)";
				SWIFT_OPTIMIZATION_LEVEL = "-Onone";
			};
			name = Debug;
		};
		97C996D32AA9E9E30043D720 /* Release */ = {
			isa = XCBuildConfiguration;
			buildSettings = {
				ALWAYS_SEARCH_USER_PATHS = NO;
				ASSETCATALOG_COMPILER_GENERATE_SWIFT_ASSET_SYMBOL_EXTENSIONS = YES;
				CLANG_ANALYZER_NONNULL = YES;
				CLANG_ANALYZER_NUMBER_OBJECT_CONVERSION = YES_AGGRESSIVE;
				CLANG_CXX_LANGUAGE_STANDARD = "gnu++20";
				CLANG_ENABLE_MODULES = YES;
				CLANG_ENABLE_OBJC_ARC = YES;
				CLANG_ENABLE_OBJC_WEAK = YES;
				CLANG_WARN_BLOCK_CAPTURE_AUTORELEASING = YES;
				CLANG_WARN_BOOL_CONVERSION = YES;
				CLANG_WARN_COMMA = YES;
				CLANG_WARN_CONSTANT_CONVERSION = YES;
				CLANG_WARN_DEPRECATED_OBJC_IMPLEMENTATIONS = YES;
				CLANG_WARN_DIRECT_OBJC_ISA_USAGE = YES_ERROR;
				CLANG_WARN_DOCUMENTATION_COMMENTS = YES;
				CLANG_WARN_EMPTY_BODY = YES;
				CLANG_WARN_ENUM_CONVERSION = YES;
				CLANG_WARN_INFINITE_RECURSION = YES;
				CLANG_WARN_INT_CONVERSION = YES;
				CLANG_WARN_NON_LITERAL_NULL_CONVERSION = YES;
				CLANG_WARN_OBJC_IMPLICIT_RETAIN_SELF = YES;
				CLANG_WARN_OBJC_LITERAL_CONVERSION = YES;
				CLANG_WARN_OBJC_ROOT_CLASS = YES_ERROR;
				CLANG_WARN_QUOTED_INCLUDE_IN_FRAMEWORK_HEADER = YES;
				CLANG_WARN_RANGE_LOOP_ANALYSIS = YES;
				CLANG_WARN_STRICT_PROTOTYPES = YES;
				CLANG_WARN_SUSPICIOUS_MOVE = YES;
				CLANG_WARN_UNGUARDED_AVAILABILITY = YES_AGGRESSIVE;
				CLANG_WARN_UNREACHABLE_CODE = YES;
				CLANG_WARN__DUPLICATE_METHOD_MATCH = YES;
				COPY_PHASE_STRIP = NO;
				DEBUG_INFORMATION_FORMAT = "dwarf-with-dsym";
				ENABLE_NS_ASSERTIONS = NO;
				ENABLE_STRICT_OBJC_MSGSEND = YES;
				ENABLE_USER_SCRIPT_SANDBOXING = YES;
				GCC_C_LANGUAGE_STANDARD = gnu17;
				GCC_NO_COMMON_BLOCKS = YES;
				GCC_WARN_64_TO_32_BIT_CONVERSION = YES;
				GCC_WARN_ABOUT_RETURN_TYPE = YES_ERROR;
				GCC_WARN_UNDECLARED_SELECTOR = YES;
				GCC_WARN_UNINITIALIZED_AUTOS = YES_AGGRESSIVE;
				GCC_WARN_UNUSED_FUNCTION = YES;
				GCC_WARN_UNUSED_VARIABLE = YES;
				IPHONEOS_DEPLOYMENT_TARGET = 17.0;
				LOCALIZATION_PREFERS_STRING_CATALOGS = YES;
				MTL_ENABLE_DEBUG_INFO = NO;
				MTL_FAST_MATH = YES;
				SDKROOT = iphoneos;
				SWIFT_COMPILATION_MODE = wholemodule;
				VALIDATE_PRODUCT = YES;
			};
			name = Release;
		};
		97C996D52AA9E9E30043D720 /* Debug */ = {
			isa = XCBuildConfiguration;
			baseConfigurationReference = 04643992F7F93B9CCB865EF5 /* Pods-ExampleAppForVonageSDk.debug.xcconfig */;
			buildSettings = {
				ASSETCATALOG_COMPILER_APPICON_NAME = AppIcon;
				ASSETCATALOG_COMPILER_GLOBAL_ACCENT_COLOR_NAME = AccentColor;
				CODE_SIGN_ENTITLEMENTS = ExampleAppForVonageSDk/ExampleAppForVonageSDk.entitlements;
				"CODE_SIGN_IDENTITY[sdk=iphoneos*]" = "iPhone Distribution";
				CODE_SIGN_STYLE = Manual;
				CURRENT_PROJECT_VERSION = 4;
				DEVELOPMENT_ASSET_PATHS = "\"ExampleAppForVonageSDk/Preview Content\"";
				DEVELOPMENT_TEAM = "";
				"DEVELOPMENT_TEAM[sdk=iphoneos*]" = 7F2B5ZSP8Q;
				ENABLE_PREVIEWS = YES;
				ENABLE_USER_SCRIPT_SANDBOXING = NO;
				GENERATE_INFOPLIST_FILE = YES;
				INFOPLIST_FILE = ExampleAppForVonageSDk/Info.plist;
				INFOPLIST_KEY_CFBundleDisplayName = VonageClient;
				INFOPLIST_KEY_NSMicrophoneUsageDescription = "Micorphone is required";
				INFOPLIST_KEY_UIApplicationSceneManifest_Generation = YES;
				INFOPLIST_KEY_UIApplicationSupportsIndirectInputEvents = YES;
				INFOPLIST_KEY_UILaunchScreen_Generation = YES;
				INFOPLIST_KEY_UISupportedInterfaceOrientations_iPad = "UIInterfaceOrientationPortrait UIInterfaceOrientationPortraitUpsideDown UIInterfaceOrientationLandscapeLeft UIInterfaceOrientationLandscapeRight";
				INFOPLIST_KEY_UISupportedInterfaceOrientations_iPhone = "UIInterfaceOrientationPortrait UIInterfaceOrientationLandscapeLeft UIInterfaceOrientationLandscapeRight";
				IPHONEOS_DEPLOYMENT_TARGET = 16.0;
				LD_RUNPATH_SEARCH_PATHS = (
					"$(inherited)",
					"@executable_path/Frameworks",
				);
				MARKETING_VERSION = 2.0;
				PRODUCT_BUNDLE_IDENTIFIER = "Vonage.NexmoTest3-0-1";
				PRODUCT_NAME = "$(TARGET_NAME)";
				PROVISIONING_PROFILE_SPECIFIER = "";
				"PROVISIONING_PROFILE_SPECIFIER[sdk=iphoneos*]" = "XC Vonage NexmoTest3-0-1";
				SUPPORTED_PLATFORMS = "iphoneos iphonesimulator";
				SUPPORTS_MACCATALYST = NO;
				SUPPORTS_MAC_DESIGNED_FOR_IPHONE_IPAD = NO;
				SUPPORTS_XR_DESIGNED_FOR_IPHONE_IPAD = NO;
				SWIFT_EMIT_LOC_STRINGS = YES;
				SWIFT_VERSION = 5.0;
				TARGETED_DEVICE_FAMILY = 1;
			};
			name = Debug;
		};
		97C996D62AA9E9E30043D720 /* Release */ = {
			isa = XCBuildConfiguration;
			baseConfigurationReference = CDD64DE0645C985949FB0D82 /* Pods-ExampleAppForVonageSDk.release.xcconfig */;
			buildSettings = {
				ASSETCATALOG_COMPILER_APPICON_NAME = AppIcon;
				ASSETCATALOG_COMPILER_GLOBAL_ACCENT_COLOR_NAME = AccentColor;
				CODE_SIGN_ENTITLEMENTS = ExampleAppForVonageSDk/ExampleAppForVonageSDk.entitlements;
				"CODE_SIGN_IDENTITY[sdk=iphoneos*]" = "iPhone Distribution";
				CODE_SIGN_INJECT_BASE_ENTITLEMENTS = NO;
				CODE_SIGN_STYLE = Manual;
				CURRENT_PROJECT_VERSION = 4;
				DEPLOYMENT_POSTPROCESSING = YES;
				DEVELOPMENT_ASSET_PATHS = "\"ExampleAppForVonageSDk/Preview Content\"";
				DEVELOPMENT_TEAM = "";
				"DEVELOPMENT_TEAM[sdk=iphoneos*]" = 7F2B5ZSP8Q;
				ENABLE_PREVIEWS = YES;
				ENABLE_USER_SCRIPT_SANDBOXING = NO;
				GENERATE_INFOPLIST_FILE = YES;
				INFOPLIST_FILE = ExampleAppForVonageSDk/Info.plist;
				INFOPLIST_KEY_CFBundleDisplayName = VonageClient;
				INFOPLIST_KEY_NSMicrophoneUsageDescription = "Micorphone is required";
				INFOPLIST_KEY_UIApplicationSceneManifest_Generation = YES;
				INFOPLIST_KEY_UIApplicationSupportsIndirectInputEvents = YES;
				INFOPLIST_KEY_UILaunchScreen_Generation = YES;
				INFOPLIST_KEY_UISupportedInterfaceOrientations_iPad = "UIInterfaceOrientationPortrait UIInterfaceOrientationPortraitUpsideDown UIInterfaceOrientationLandscapeLeft UIInterfaceOrientationLandscapeRight";
				INFOPLIST_KEY_UISupportedInterfaceOrientations_iPhone = "UIInterfaceOrientationPortrait UIInterfaceOrientationLandscapeLeft UIInterfaceOrientationLandscapeRight";
				IPHONEOS_DEPLOYMENT_TARGET = 16.0;
				LD_RUNPATH_SEARCH_PATHS = (
					"$(inherited)",
					"@executable_path/Frameworks",
				);
				MARKETING_VERSION = 2.0;
				PRODUCT_BUNDLE_IDENTIFIER = "Vonage.NexmoTest3-0-1";
				PRODUCT_NAME = "$(TARGET_NAME)";
				PROVISIONING_PROFILE_SPECIFIER = "";
				"PROVISIONING_PROFILE_SPECIFIER[sdk=iphoneos*]" = "XC Vonage NexmoTest3-0-1";
				SUPPORTED_PLATFORMS = "iphoneos iphonesimulator";
				SUPPORTS_MACCATALYST = NO;
				SUPPORTS_MAC_DESIGNED_FOR_IPHONE_IPAD = NO;
				SUPPORTS_XR_DESIGNED_FOR_IPHONE_IPAD = NO;
				SWIFT_EMIT_LOC_STRINGS = YES;
				SWIFT_VERSION = 5.0;
				TARGETED_DEVICE_FAMILY = 1;
			};
			name = Release;
		};
		97C996D82AA9E9E30043D720 /* Debug */ = {
			isa = XCBuildConfiguration;
			baseConfigurationReference = 017E2C3562F909C48D89E25F /* Pods-ExampleAppForVonageSDkTests.debug.xcconfig */;
			buildSettings = {
				ALWAYS_EMBED_SWIFT_STANDARD_LIBRARIES = YES;
				BUNDLE_LOADER = "$(TEST_HOST)";
				CODE_SIGN_STYLE = Automatic;
				CURRENT_PROJECT_VERSION = 1;
				DEVELOPMENT_TEAM = 7F2B5ZSP8Q;
				GENERATE_INFOPLIST_FILE = YES;
				IPHONEOS_DEPLOYMENT_TARGET = 17.0;
				MARKETING_VERSION = 1.0;
				PRODUCT_BUNDLE_IDENTIFIER = com.vonage.chatApp.ExampleAppForVonageSDkTests;
				PRODUCT_NAME = "$(TARGET_NAME)";
				SWIFT_EMIT_LOC_STRINGS = NO;
				SWIFT_VERSION = 5.0;
				TARGETED_DEVICE_FAMILY = "1,2";
				TEST_HOST = "$(BUILT_PRODUCTS_DIR)/ExampleAppForVonageSDk.app/$(BUNDLE_EXECUTABLE_FOLDER_PATH)/ExampleAppForVonageSDk";
			};
			name = Debug;
		};
		97C996D92AA9E9E30043D720 /* Release */ = {
			isa = XCBuildConfiguration;
			baseConfigurationReference = 35BCC6DCE95C8B3AAE476081 /* Pods-ExampleAppForVonageSDkTests.release.xcconfig */;
			buildSettings = {
				ALWAYS_EMBED_SWIFT_STANDARD_LIBRARIES = YES;
				BUNDLE_LOADER = "$(TEST_HOST)";
				CODE_SIGN_STYLE = Automatic;
				CURRENT_PROJECT_VERSION = 1;
				DEVELOPMENT_TEAM = 7F2B5ZSP8Q;
				GENERATE_INFOPLIST_FILE = YES;
				IPHONEOS_DEPLOYMENT_TARGET = 17.0;
				MARKETING_VERSION = 1.0;
				PRODUCT_BUNDLE_IDENTIFIER = com.vonage.chatApp.ExampleAppForVonageSDkTests;
				PRODUCT_NAME = "$(TARGET_NAME)";
				SWIFT_EMIT_LOC_STRINGS = NO;
				SWIFT_VERSION = 5.0;
				TARGETED_DEVICE_FAMILY = "1,2";
				TEST_HOST = "$(BUILT_PRODUCTS_DIR)/ExampleAppForVonageSDk.app/$(BUNDLE_EXECUTABLE_FOLDER_PATH)/ExampleAppForVonageSDk";
			};
			name = Release;
		};
		97C996DB2AA9E9E30043D720 /* Debug */ = {
			isa = XCBuildConfiguration;
			baseConfigurationReference = 01E05D8EF98FC9B08854F52C /* Pods-ExampleAppForVonageSDk-ExampleAppForVonageSDkUITests.debug.xcconfig */;
			buildSettings = {
				ALWAYS_EMBED_SWIFT_STANDARD_LIBRARIES = YES;
				CODE_SIGN_STYLE = Automatic;
				CURRENT_PROJECT_VERSION = 1;
				DEVELOPMENT_TEAM = 7F2B5ZSP8Q;
				GENERATE_INFOPLIST_FILE = YES;
				MARKETING_VERSION = 1.0;
				PRODUCT_BUNDLE_IDENTIFIER = com.vonage.chatApp.ExampleAppForVonageSDkUITests;
				PRODUCT_NAME = "$(TARGET_NAME)";
				SWIFT_EMIT_LOC_STRINGS = NO;
				SWIFT_VERSION = 5.0;
				TARGETED_DEVICE_FAMILY = "1,2";
				TEST_TARGET_NAME = ExampleAppForVonageSDk;
			};
			name = Debug;
		};
		97C996DC2AA9E9E30043D720 /* Release */ = {
			isa = XCBuildConfiguration;
			baseConfigurationReference = 1382F6866BEDF29CA14501F9 /* Pods-ExampleAppForVonageSDk-ExampleAppForVonageSDkUITests.release.xcconfig */;
			buildSettings = {
				ALWAYS_EMBED_SWIFT_STANDARD_LIBRARIES = YES;
				CODE_SIGN_STYLE = Automatic;
				CURRENT_PROJECT_VERSION = 1;
				DEVELOPMENT_TEAM = 7F2B5ZSP8Q;
				GENERATE_INFOPLIST_FILE = YES;
				MARKETING_VERSION = 1.0;
				PRODUCT_BUNDLE_IDENTIFIER = com.vonage.chatApp.ExampleAppForVonageSDkUITests;
				PRODUCT_NAME = "$(TARGET_NAME)";
				SWIFT_EMIT_LOC_STRINGS = NO;
				SWIFT_VERSION = 5.0;
				TARGETED_DEVICE_FAMILY = "1,2";
				TEST_TARGET_NAME = ExampleAppForVonageSDk;
			};
			name = Release;
		};
/* End XCBuildConfiguration section */

/* Begin XCConfigurationList section */
		97C996AB2AA9E9E10043D720 /* Build configuration list for PBXProject "ExampleAppForVonageSDk" */ = {
			isa = XCConfigurationList;
			buildConfigurations = (
				97C996D22AA9E9E30043D720 /* Debug */,
				97C996D32AA9E9E30043D720 /* Release */,
			);
			defaultConfigurationIsVisible = 0;
			defaultConfigurationName = Release;
		};
		97C996D42AA9E9E30043D720 /* Build configuration list for PBXNativeTarget "ExampleAppForVonageSDk" */ = {
			isa = XCConfigurationList;
			buildConfigurations = (
				97C996D52AA9E9E30043D720 /* Debug */,
				97C996D62AA9E9E30043D720 /* Release */,
			);
			defaultConfigurationIsVisible = 0;
			defaultConfigurationName = Release;
		};
		97C996D72AA9E9E30043D720 /* Build configuration list for PBXNativeTarget "ExampleAppForVonageSDkTests" */ = {
			isa = XCConfigurationList;
			buildConfigurations = (
				97C996D82AA9E9E30043D720 /* Debug */,
				97C996D92AA9E9E30043D720 /* Release */,
			);
			defaultConfigurationIsVisible = 0;
			defaultConfigurationName = Release;
		};
		97C996DA2AA9E9E30043D720 /* Build configuration list for PBXNativeTarget "ExampleAppForVonageSDkUITests" */ = {
			isa = XCConfigurationList;
			buildConfigurations = (
				97C996DB2AA9E9E30043D720 /* Debug */,
				97C996DC2AA9E9E30043D720 /* Release */,
			);
			defaultConfigurationIsVisible = 0;
			defaultConfigurationName = Release;
		};
/* End XCConfigurationList section */
	};
	rootObject = 97C996A82AA9E9E10043D720 /* Project object */;
}
